
Microsoft Visual Studio Solution File, Format Version 12.00
# Visual Studio 14
VisualStudioVersion = 14.0.25123.0
MinimumVisualStudioVersion = 10.0.40219.1
Project("{FAE04EC0-301F-11D3-BF4B-00C04F79EFBC}") = "Relax.Core", "Relax.Core\Relax.Core.csproj", "{C305D133-3A1E-4D4A-B2C9-8A3A1B80F1DE}"
EndProject
Project("{FAE04EC0-301F-11D3-BF4B-00C04F79EFBC}") = "Relax.Droid", "Relax.Droid\Relax.Droid.csproj", "{87D4EE94-DAEC-4849-99B9-84D4F5FF61DF}"
EndProject
Global
	GlobalSection(SolutionConfigurationPlatforms) = preSolution
		Debug|Any CPU = Debug|Any CPU
		Release|Any CPU = Release|Any CPU
	EndGlobalSection
	GlobalSection(ProjectConfigurationPlatforms) = postSolution
		{C305D133-3A1E-4D4A-B2C9-8A3A1B80F1DE}.Debug|Any CPU.ActiveCfg = Debug|Any CPU
		{C305D133-3A1E-4D4A-B2C9-8A3A1B80F1DE}.Debug|Any CPU.Build.0 = Debug|Any CPU
		{C305D133-3A1E-4D4A-B2C9-8A3A1B80F1DE}.Release|Any CPU.ActiveCfg = Release|Any CPU
		{C305D133-3A1E-4D4A-B2C9-8A3A1B80F1DE}.Release|Any CPU.Build.0 = Release|Any CPU
		{87D4EE94-DAEC-4849-99B9-84D4F5FF61DF}.Debug|Any CPU.ActiveCfg = Debug|Any CPU
		{87D4EE94-DAEC-4849-99B9-84D4F5FF61DF}.Debug|Any CPU.Build.0 = Debug|Any CPU
		{87D4EE94-DAEC-4849-99B9-84D4F5FF61DF}.Debug|Any CPU.Deploy.0 = Debug|Any CPU
		{87D4EE94-DAEC-4849-99B9-84D4F5FF61DF}.Release|Any CPU.ActiveCfg = Release|Any CPU
		{87D4EE94-DAEC-4849-99B9-84D4F5FF61DF}.Release|Any CPU.Build.0 = Release|Any CPU
		{87D4EE94-DAEC-4849-99B9-84D4F5FF61DF}.Release|Any CPU.Deploy.0 = Release|Any CPU
	EndGlobalSection
	GlobalSection(SolutionProperties) = preSolution
		HideSolutionNode = FALSE
	EndGlobalSection
EndGlobal
